// !$*UTF8*$!
{
	archiveVersion = 1;
	classes = {
	};
	objectVersion = 52;
	objects = {

/* Begin PBXBuildFile section */
		011D48E0237DB6E200EA951E /* AppDelegate.swift in Sources */ = {isa = PBXBuildFile; fileRef = 011D48DF237DB6E200EA951E /* AppDelegate.swift */; };
		011D48E2237DB6E200EA951E /* SceneDelegate.swift in Sources */ = {isa = PBXBuildFile; fileRef = 011D48E1237DB6E200EA951E /* SceneDelegate.swift */; };
		011D48E4237DB6E200EA951E /* ContentView.swift in Sources */ = {isa = PBXBuildFile; fileRef = 011D48E3237DB6E200EA951E /* ContentView.swift */; };
		011D48E6237DB6E400EA951E /* Assets.xcassets in Resources */ = {isa = PBXBuildFile; fileRef = 011D48E5237DB6E400EA951E /* Assets.xcassets */; };
		011D48E9237DB6E400EA951E /* Preview Assets.xcassets in Resources */ = {isa = PBXBuildFile; fileRef = 011D48E8237DB6E400EA951E /* Preview Assets.xcassets */; };
		011D48EC237DB6E400EA951E /* LaunchScreen.storyboard in Resources */ = {isa = PBXBuildFile; fileRef = 011D48EA237DB6E400EA951E /* LaunchScreen.storyboard */; };
		01347004237F562100AD3588 /* FeedKit in Frameworks */ = {isa = PBXBuildFile; productRef = 01347003237F562100AD3588 /* FeedKit */; };
		01347006237F5E2700AD3588 /* RSSViewModel.swift in Sources */ = {isa = PBXBuildFile; fileRef = 01347005237F5E2700AD3588 /* RSSViewModel.swift */; };
		01347008237F5E2E00AD3588 /* RSSController.swift in Sources */ = {isa = PBXBuildFile; fileRef = 01347007237F5E2E00AD3588 /* RSSController.swift */; };
		0134700A237FA7DA00AD3588 /* RSSFeedItem.swift in Sources */ = {isa = PBXBuildFile; fileRef = 01347009237FA7DA00AD3588 /* RSSFeedItem.swift */; };
		016B53992395B20800EE94EA /* Detect.lite in Resources */ = {isa = PBXBuildFile; fileRef = 016B53982395B20700EE94EA /* Detect.lite */; };
		016B539E2395B33400EE94EA /* Detect.mlmodel in Sources */ = {isa = PBXBuildFile; fileRef = 016B539A2395B33400EE94EA /* Detect.mlmodel */; };
		016B539F2395B33400EE94EA /* Filter.mlmodel in Sources */ = {isa = PBXBuildFile; fileRef = 016B539B2395B33400EE94EA /* Filter.mlmodel */; };
		016B53A02395B33400EE94EA /* Encode.lite in Resources */ = {isa = PBXBuildFile; fileRef = 016B539C2395B33400EE94EA /* Encode.lite */; };
		016B53A12395B33400EE94EA /* Filter.lite in Resources */ = {isa = PBXBuildFile; fileRef = 016B539D2395B33400EE94EA /* Filter.lite */; };
		0174EBE12389AF3900A7EAA7 /* FeedCardView.swift in Sources */ = {isa = PBXBuildFile; fileRef = 0174EBE02389AF3900A7EAA7 /* FeedCardView.swift */; };
		0174EBE32389B3AE00A7EAA7 /* FeedCardViewDivider.swift in Sources */ = {isa = PBXBuildFile; fileRef = 0174EBE22389B3AE00A7EAA7 /* FeedCardViewDivider.swift */; };
		017B2A602382E84B004FA244 /* SpeechController.swift in Sources */ = {isa = PBXBuildFile; fileRef = 017B2A5F2382E84B004FA244 /* SpeechController.swift */; };
		0197F23523982A2A002A1C6F /* RemoteImageController.swift in Sources */ = {isa = PBXBuildFile; fileRef = 0197F23423982A2A002A1C6F /* RemoteImageController.swift */; };
		01A838C523862D5200989C87 /* App.swift in Sources */ = {isa = PBXBuildFile; fileRef = 01A838C423862D5200989C87 /* App.swift */; };
		01DF9696238C749F00DC3A83 /* CustomSafariViewController.swift in Sources */ = {isa = PBXBuildFile; fileRef = 01DF9695238C749F00DC3A83 /* CustomSafariViewController.swift */; };
		01DF9698238C751400DC3A83 /* SafariView.swift in Sources */ = {isa = PBXBuildFile; fileRef = 01DF9697238C751400DC3A83 /* SafariView.swift */; };
		01F538D92380781C00367C91 /* FeedKit+Extensions.swift in Sources */ = {isa = PBXBuildFile; fileRef = 01F538D82380781C00367C91 /* FeedKit+Extensions.swift */; };
		D495F35BE34B203B83F71502 /* Pods_SpokestackRSSReader.framework in Frameworks */ = {isa = PBXBuildFile; fileRef = 1957867B21CEA3876D41FE68 /* Pods_SpokestackRSSReader.framework */; };
/* End PBXBuildFile section */

/* Begin PBXFileReference section */
		011D48DC237DB6E200EA951E /* SpokestackRSSReader.app */ = {isa = PBXFileReference; explicitFileType = wrapper.application; includeInIndex = 0; path = SpokestackRSSReader.app; sourceTree = BUILT_PRODUCTS_DIR; };
		011D48DF237DB6E200EA951E /* AppDelegate.swift */ = {isa = PBXFileReference; lastKnownFileType = sourcecode.swift; path = AppDelegate.swift; sourceTree = "<group>"; };
		011D48E1237DB6E200EA951E /* SceneDelegate.swift */ = {isa = PBXFileReference; lastKnownFileType = sourcecode.swift; path = SceneDelegate.swift; sourceTree = "<group>"; };
		011D48E3237DB6E200EA951E /* ContentView.swift */ = {isa = PBXFileReference; lastKnownFileType = sourcecode.swift; path = ContentView.swift; sourceTree = "<group>"; };
		011D48E5237DB6E400EA951E /* Assets.xcassets */ = {isa = PBXFileReference; lastKnownFileType = folder.assetcatalog; path = Assets.xcassets; sourceTree = "<group>"; };
		011D48E8237DB6E400EA951E /* Preview Assets.xcassets */ = {isa = PBXFileReference; lastKnownFileType = folder.assetcatalog; path = "Preview Assets.xcassets"; sourceTree = "<group>"; };
		011D48EB237DB6E400EA951E /* Base */ = {isa = PBXFileReference; lastKnownFileType = file.storyboard; name = Base; path = Base.lproj/LaunchScreen.storyboard; sourceTree = "<group>"; };
		011D48ED237DB6E400EA951E /* Info.plist */ = {isa = PBXFileReference; lastKnownFileType = text.plist.xml; path = Info.plist; sourceTree = "<group>"; };
		01347005237F5E2700AD3588 /* RSSViewModel.swift */ = {isa = PBXFileReference; lastKnownFileType = sourcecode.swift; path = RSSViewModel.swift; sourceTree = "<group>"; };
		01347007237F5E2E00AD3588 /* RSSController.swift */ = {isa = PBXFileReference; lastKnownFileType = sourcecode.swift; path = RSSController.swift; sourceTree = "<group>"; };
		01347009237FA7DA00AD3588 /* RSSFeedItem.swift */ = {isa = PBXFileReference; lastKnownFileType = sourcecode.swift; path = RSSFeedItem.swift; sourceTree = "<group>"; };
		016B53982395B20700EE94EA /* Detect.lite */ = {isa = PBXFileReference; lastKnownFileType = file; path = Detect.lite; sourceTree = "<group>"; };
		016B539A2395B33400EE94EA /* Detect.mlmodel */ = {isa = PBXFileReference; lastKnownFileType = file.mlmodel; path = Detect.mlmodel; sourceTree = "<group>"; };
		016B539B2395B33400EE94EA /* Filter.mlmodel */ = {isa = PBXFileReference; lastKnownFileType = file.mlmodel; path = Filter.mlmodel; sourceTree = "<group>"; };
		016B539C2395B33400EE94EA /* Encode.lite */ = {isa = PBXFileReference; lastKnownFileType = file; path = Encode.lite; sourceTree = "<group>"; };
		016B539D2395B33400EE94EA /* Filter.lite */ = {isa = PBXFileReference; lastKnownFileType = file; path = Filter.lite; sourceTree = "<group>"; };
		0174EBE02389AF3900A7EAA7 /* FeedCardView.swift */ = {isa = PBXFileReference; lastKnownFileType = sourcecode.swift; path = FeedCardView.swift; sourceTree = "<group>"; };
		0174EBE22389B3AE00A7EAA7 /* FeedCardViewDivider.swift */ = {isa = PBXFileReference; lastKnownFileType = sourcecode.swift; path = FeedCardViewDivider.swift; sourceTree = "<group>"; };
		017B2A5F2382E84B004FA244 /* SpeechController.swift */ = {isa = PBXFileReference; lastKnownFileType = sourcecode.swift; path = SpeechController.swift; sourceTree = "<group>"; };
		0197F23423982A2A002A1C6F /* RemoteImageController.swift */ = {isa = PBXFileReference; lastKnownFileType = sourcecode.swift; path = RemoteImageController.swift; sourceTree = "<group>"; };
		01A838C423862D5200989C87 /* App.swift */ = {isa = PBXFileReference; lastKnownFileType = sourcecode.swift; path = App.swift; sourceTree = "<group>"; };
		01DF9695238C749F00DC3A83 /* CustomSafariViewController.swift */ = {isa = PBXFileReference; lastKnownFileType = sourcecode.swift; path = CustomSafariViewController.swift; sourceTree = "<group>"; };
		01DF9697238C751400DC3A83 /* SafariView.swift */ = {isa = PBXFileReference; lastKnownFileType = sourcecode.swift; path = SafariView.swift; sourceTree = "<group>"; };
		01F538D82380781C00367C91 /* FeedKit+Extensions.swift */ = {isa = PBXFileReference; lastKnownFileType = sourcecode.swift; path = "FeedKit+Extensions.swift"; sourceTree = "<group>"; };
		1957867B21CEA3876D41FE68 /* Pods_SpokestackRSSReader.framework */ = {isa = PBXFileReference; explicitFileType = wrapper.framework; includeInIndex = 0; path = Pods_SpokestackRSSReader.framework; sourceTree = BUILT_PRODUCTS_DIR; };
		71C186BE003D4E0DBE442724 /* Pods-SpokestackRSSReader.debug.xcconfig */ = {isa = PBXFileReference; includeInIndex = 1; lastKnownFileType = text.xcconfig; name = "Pods-SpokestackRSSReader.debug.xcconfig"; path = "Target Support Files/Pods-SpokestackRSSReader/Pods-SpokestackRSSReader.debug.xcconfig"; sourceTree = "<group>"; };
		D68062BDDD01709279040487 /* Pods-SpokestackRSSReader.release.xcconfig */ = {isa = PBXFileReference; includeInIndex = 1; lastKnownFileType = text.xcconfig; name = "Pods-SpokestackRSSReader.release.xcconfig"; path = "Target Support Files/Pods-SpokestackRSSReader/Pods-SpokestackRSSReader.release.xcconfig"; sourceTree = "<group>"; };
/* End PBXFileReference section */

/* Begin PBXFrameworksBuildPhase section */
		011D48D9237DB6E200EA951E /* Frameworks */ = {
			isa = PBXFrameworksBuildPhase;
			buildActionMask = 2147483647;
			files = (
				D495F35BE34B203B83F71502 /* Pods_SpokestackRSSReader.framework in Frameworks */,
				01347004237F562100AD3588 /* FeedKit in Frameworks */,
			);
			runOnlyForDeploymentPostprocessing = 0;
		};
/* End PBXFrameworksBuildPhase section */

/* Begin PBXGroup section */
		01025B23238072A300809F88 /* UI */ = {
			isa = PBXGroup;
			children = (
				011D48E5237DB6E400EA951E /* Assets.xcassets */,
				011D48EA237DB6E400EA951E /* LaunchScreen.storyboard */,
			);
			path = UI;
			sourceTree = "<group>";
		};
		01025B252380730200809F88 /* Views */ = {
			isa = PBXGroup;
			children = (
				011D48E3237DB6E200EA951E /* ContentView.swift */,
				0174EBE02389AF3900A7EAA7 /* FeedCardView.swift */,
				0174EBE22389B3AE00A7EAA7 /* FeedCardViewDivider.swift */,
				01DF9697238C751400DC3A83 /* SafariView.swift */,
				011D48E1237DB6E200EA951E /* SceneDelegate.swift */,
			);
			path = Views;
			sourceTree = "<group>";
		};
		01025B262380731300809F88 /* Models */ = {
			isa = PBXGroup;
			children = (
				01347009237FA7DA00AD3588 /* RSSFeedItem.swift */,
			);
			path = Models;
			sourceTree = "<group>";
		};
		01025B272380731B00809F88 /* View Models */ = {
			isa = PBXGroup;
			children = (
				01347005237F5E2700AD3588 /* RSSViewModel.swift */,
			);
			path = "View Models";
			sourceTree = "<group>";
		};
		01025B282380732D00809F88 /* Controllers */ = {
			isa = PBXGroup;
			children = (
				01347007237F5E2E00AD3588 /* RSSController.swift */,
				017B2A5F2382E84B004FA244 /* SpeechController.swift */,
				0197F23423982A2A002A1C6F /* RemoteImageController.swift */,
			);
			path = Controllers;
			sourceTree = "<group>";
		};
		011D48D3237DB6E200EA951E = {
			isa = PBXGroup;
			children = (
				011D48DE237DB6E200EA951E /* SpokestackRSSReader */,
				011D48DD237DB6E200EA951E /* Products */,
				5F1E9704D0A6302A2DEE1DBF /* Pods */,
				E4B64D1B7A300B5ED2DDFE72 /* Frameworks */,
			);
			sourceTree = "<group>";
		};
		011D48DD237DB6E200EA951E /* Products */ = {
			isa = PBXGroup;
			children = (
				011D48DC237DB6E200EA951E /* SpokestackRSSReader.app */,
			);
			name = Products;
			sourceTree = "<group>";
		};
		011D48DE237DB6E200EA951E /* SpokestackRSSReader */ = {
			isa = PBXGroup;
			children = (
				0197F2332398263A002A1C6F /* Machine Learning */,
				011D48DF237DB6E200EA951E /* AppDelegate.swift */,
				01A838C323862D4400989C87 /* Configs */,
				01025B282380732D00809F88 /* Controllers */,
				01F538D72380780800367C91 /* Extensions */,
				011D48ED237DB6E400EA951E /* Info.plist */,
				01025B262380731300809F88 /* Models */,
				011D48E7237DB6E400EA951E /* Preview Content */,
				01025B23238072A300809F88 /* UI */,
				01DF9694238C748600DC3A83 /* View Controllers */,
				01025B272380731B00809F88 /* View Models */,
				01025B252380730200809F88 /* Views */,
			);
			path = SpokestackRSSReader;
			sourceTree = "<group>";
		};
		011D48E7237DB6E400EA951E /* Preview Content */ = {
			isa = PBXGroup;
			children = (
				011D48E8237DB6E400EA951E /* Preview Assets.xcassets */,
			);
			path = "Preview Content";
			sourceTree = "<group>";
		};
		0197F2332398263A002A1C6F /* Machine Learning */ = {
			isa = PBXGroup;
			children = (
				016B539A2395B33400EE94EA /* Detect.mlmodel */,
				016B539C2395B33400EE94EA /* Encode.lite */,
				016B539D2395B33400EE94EA /* Filter.lite */,
				016B539B2395B33400EE94EA /* Filter.mlmodel */,
				016B53982395B20700EE94EA /* Detect.lite */,
			);
			path = "Machine Learning";
			sourceTree = "<group>";
		};
		01A838C323862D4400989C87 /* Configs */ = {
			isa = PBXGroup;
			children = (
				01A838C423862D5200989C87 /* App.swift */,
			);
			path = Configs;
			sourceTree = "<group>";
		};
		01DF9694238C748600DC3A83 /* View Controllers */ = {
			isa = PBXGroup;
			children = (
				01DF9695238C749F00DC3A83 /* CustomSafariViewController.swift */,
			);
			path = "View Controllers";
			sourceTree = "<group>";
		};
		01F538D72380780800367C91 /* Extensions */ = {
			isa = PBXGroup;
			children = (
				01F538D82380781C00367C91 /* FeedKit+Extensions.swift */,
			);
			path = Extensions;
			sourceTree = "<group>";
		};
		5F1E9704D0A6302A2DEE1DBF /* Pods */ = {
			isa = PBXGroup;
			children = (
				71C186BE003D4E0DBE442724 /* Pods-SpokestackRSSReader.debug.xcconfig */,
				D68062BDDD01709279040487 /* Pods-SpokestackRSSReader.release.xcconfig */,
			);
			path = Pods;
			sourceTree = "<group>";
		};
		E4B64D1B7A300B5ED2DDFE72 /* Frameworks */ = {
			isa = PBXGroup;
			children = (
				1957867B21CEA3876D41FE68 /* Pods_SpokestackRSSReader.framework */,
			);
			name = Frameworks;
			sourceTree = "<group>";
		};
/* End PBXGroup section */

/* Begin PBXNativeTarget section */
		011D48DB237DB6E200EA951E /* SpokestackRSSReader */ = {
			isa = PBXNativeTarget;
			buildConfigurationList = 011D48F0237DB6E400EA951E /* Build configuration list for PBXNativeTarget "SpokestackRSSReader" */;
			buildPhases = (
				929EBFE063728918E37989BA /* [CP] Check Pods Manifest.lock */,
				011D48D8237DB6E200EA951E /* Sources */,
				011D48D9237DB6E200EA951E /* Frameworks */,
				011D48DA237DB6E200EA951E /* Resources */,
			);
			buildRules = (
			);
			dependencies = (
			);
			name = SpokestackRSSReader;
			packageProductDependencies = (
				01347003237F562100AD3588 /* FeedKit */,
			);
			productName = SpokestackRSSReader;
			productReference = 011D48DC237DB6E200EA951E /* SpokestackRSSReader.app */;
			productType = "com.apple.product-type.application";
		};
/* End PBXNativeTarget section */

/* Begin PBXProject section */
		011D48D4237DB6E200EA951E /* Project object */ = {
			isa = PBXProject;
			attributes = {
				LastSwiftUpdateCheck = 1120;
				LastUpgradeCheck = 1120;
				ORGANIZATIONNAME = Spokestack;
				TargetAttributes = {
					011D48DB237DB6E200EA951E = {
						CreatedOnToolsVersion = 11.2.1;
					};
				};
			};
			buildConfigurationList = 011D48D7237DB6E200EA951E /* Build configuration list for PBXProject "SpokestackRSSReader" */;
			compatibilityVersion = "Xcode 9.3";
			developmentRegion = en;
			hasScannedForEncodings = 0;
			knownRegions = (
				en,
				Base,
			);
			mainGroup = 011D48D3237DB6E200EA951E;
			packageReferences = (
				01347002237F562100AD3588 /* XCRemoteSwiftPackageReference "FeedKit" */,
			);
			productRefGroup = 011D48DD237DB6E200EA951E /* Products */;
			projectDirPath = "";
			projectRoot = "";
			targets = (
				011D48DB237DB6E200EA951E /* SpokestackRSSReader */,
			);
		};
/* End PBXProject section */

/* Begin PBXResourcesBuildPhase section */
		011D48DA237DB6E200EA951E /* Resources */ = {
			isa = PBXResourcesBuildPhase;
			buildActionMask = 2147483647;
			files = (
				016B53A02395B33400EE94EA /* Encode.lite in Resources */,
				016B53992395B20800EE94EA /* Detect.lite in Resources */,
				011D48EC237DB6E400EA951E /* LaunchScreen.storyboard in Resources */,
				016B53A12395B33400EE94EA /* Filter.lite in Resources */,
				011D48E9237DB6E400EA951E /* Preview Assets.xcassets in Resources */,
				011D48E6237DB6E400EA951E /* Assets.xcassets in Resources */,
			);
			runOnlyForDeploymentPostprocessing = 0;
		};
/* End PBXResourcesBuildPhase section */

/* Begin PBXShellScriptBuildPhase section */
		929EBFE063728918E37989BA /* [CP] Check Pods Manifest.lock */ = {
			isa = PBXShellScriptBuildPhase;
			buildActionMask = 2147483647;
			files = (
			);
			inputFileListPaths = (
			);
			inputPaths = (
				"${PODS_PODFILE_DIR_PATH}/Podfile.lock",
				"${PODS_ROOT}/Manifest.lock",
			);
			name = "[CP] Check Pods Manifest.lock";
			outputFileListPaths = (
			);
			outputPaths = (
				"$(DERIVED_FILE_DIR)/Pods-SpokestackRSSReader-checkManifestLockResult.txt",
			);
			runOnlyForDeploymentPostprocessing = 0;
			shellPath = /bin/sh;
			shellScript = "diff \"${PODS_PODFILE_DIR_PATH}/Podfile.lock\" \"${PODS_ROOT}/Manifest.lock\" > /dev/null\nif [ $? != 0 ] ; then\n    # print error to STDERR\n    echo \"error: The sandbox is not in sync with the Podfile.lock. Run 'pod install' or update your CocoaPods installation.\" >&2\n    exit 1\nfi\n# This output is used by Xcode 'outputs' to avoid re-running this script phase.\necho \"SUCCESS\" > \"${SCRIPT_OUTPUT_FILE_0}\"\n";
			showEnvVarsInLog = 0;
		};
/* End PBXShellScriptBuildPhase section */

/* Begin PBXSourcesBuildPhase section */
		011D48D8237DB6E200EA951E /* Sources */ = {
			isa = PBXSourcesBuildPhase;
			buildActionMask = 2147483647;
			files = (
				011D48E0237DB6E200EA951E /* AppDelegate.swift in Sources */,
				01A838C523862D5200989C87 /* App.swift in Sources */,
				01347006237F5E2700AD3588 /* RSSViewModel.swift in Sources */,
				016B539E2395B33400EE94EA /* Detect.mlmodel in Sources */,
				01F538D92380781C00367C91 /* FeedKit+Extensions.swift in Sources */,
				0134700A237FA7DA00AD3588 /* RSSFeedItem.swift in Sources */,
				0174EBE12389AF3900A7EAA7 /* FeedCardView.swift in Sources */,
				01DF9698238C751400DC3A83 /* SafariView.swift in Sources */,
				011D48E2237DB6E200EA951E /* SceneDelegate.swift in Sources */,
				0197F23523982A2A002A1C6F /* RemoteImageController.swift in Sources */,
				01347008237F5E2E00AD3588 /* RSSController.swift in Sources */,
				016B539F2395B33400EE94EA /* Filter.mlmodel in Sources */,
				01DF9696238C749F00DC3A83 /* CustomSafariViewController.swift in Sources */,
				011D48E4237DB6E200EA951E /* ContentView.swift in Sources */,
				0174EBE32389B3AE00A7EAA7 /* FeedCardViewDivider.swift in Sources */,
				017B2A602382E84B004FA244 /* SpeechController.swift in Sources */,
			);
			runOnlyForDeploymentPostprocessing = 0;
		};
/* End PBXSourcesBuildPhase section */

/* Begin PBXVariantGroup section */
		011D48EA237DB6E400EA951E /* LaunchScreen.storyboard */ = {
			isa = PBXVariantGroup;
			children = (
				011D48EB237DB6E400EA951E /* Base */,
			);
			name = LaunchScreen.storyboard;
			sourceTree = "<group>";
		};
/* End PBXVariantGroup section */

/* Begin XCBuildConfiguration section */
		011D48EE237DB6E400EA951E /* Debug */ = {
			isa = XCBuildConfiguration;
			buildSettings = {
				ALWAYS_SEARCH_USER_PATHS = NO;
				CLANG_ANALYZER_NONNULL = YES;
				CLANG_ANALYZER_NUMBER_OBJECT_CONVERSION = YES_AGGRESSIVE;
				CLANG_CXX_LANGUAGE_STANDARD = "gnu++14";
				CLANG_CXX_LIBRARY = "libc++";
				CLANG_ENABLE_MODULES = YES;
				CLANG_ENABLE_OBJC_ARC = YES;
				CLANG_ENABLE_OBJC_WEAK = YES;
				CLANG_WARN_BLOCK_CAPTURE_AUTORELEASING = YES;
				CLANG_WARN_BOOL_CONVERSION = YES;
				CLANG_WARN_COMMA = YES;
				CLANG_WARN_CONSTANT_CONVERSION = YES;
				CLANG_WARN_DEPRECATED_OBJC_IMPLEMENTATIONS = YES;
				CLANG_WARN_DIRECT_OBJC_ISA_USAGE = YES_ERROR;
				CLANG_WARN_DOCUMENTATION_COMMENTS = YES;
				CLANG_WARN_EMPTY_BODY = YES;
				CLANG_WARN_ENUM_CONVERSION = YES;
				CLANG_WARN_INFINITE_RECURSION = YES;
				CLANG_WARN_INT_CONVERSION = YES;
				CLANG_WARN_NON_LITERAL_NULL_CONVERSION = YES;
				CLANG_WARN_OBJC_IMPLICIT_RETAIN_SELF = YES;
				CLANG_WARN_OBJC_LITERAL_CONVERSION = YES;
				CLANG_WARN_OBJC_ROOT_CLASS = YES_ERROR;
				CLANG_WARN_RANGE_LOOP_ANALYSIS = YES;
				CLANG_WARN_STRICT_PROTOTYPES = YES;
				CLANG_WARN_SUSPICIOUS_MOVE = YES;
				CLANG_WARN_UNGUARDED_AVAILABILITY = YES_AGGRESSIVE;
				CLANG_WARN_UNREACHABLE_CODE = YES;
				CLANG_WARN__DUPLICATE_METHOD_MATCH = YES;
				COPY_PHASE_STRIP = NO;
				DEBUG_INFORMATION_FORMAT = dwarf;
				ENABLE_STRICT_OBJC_MSGSEND = YES;
				ENABLE_TESTABILITY = YES;
				GCC_C_LANGUAGE_STANDARD = gnu11;
				GCC_DYNAMIC_NO_PIC = NO;
				GCC_NO_COMMON_BLOCKS = YES;
				GCC_OPTIMIZATION_LEVEL = 0;
				GCC_PREPROCESSOR_DEFINITIONS = (
					"DEBUG=1",
					"$(inherited)",
				);
				GCC_WARN_64_TO_32_BIT_CONVERSION = YES;
				GCC_WARN_ABOUT_RETURN_TYPE = YES_ERROR;
				GCC_WARN_UNDECLARED_SELECTOR = YES;
				GCC_WARN_UNINITIALIZED_AUTOS = YES_AGGRESSIVE;
				GCC_WARN_UNUSED_FUNCTION = YES;
				GCC_WARN_UNUSED_VARIABLE = YES;
				IPHONEOS_DEPLOYMENT_TARGET = 13.2;
				MTL_ENABLE_DEBUG_INFO = INCLUDE_SOURCE;
				MTL_FAST_MATH = YES;
				ONLY_ACTIVE_ARCH = YES;
				SDKROOT = iphoneos;
				SWIFT_ACTIVE_COMPILATION_CONDITIONS = DEBUG;
				SWIFT_OPTIMIZATION_LEVEL = "-Onone";
			};
			name = Debug;
		};
		011D48EF237DB6E400EA951E /* Release */ = {
			isa = XCBuildConfiguration;
			buildSettings = {
				ALWAYS_SEARCH_USER_PATHS = NO;
				CLANG_ANALYZER_NONNULL = YES;
				CLANG_ANALYZER_NUMBER_OBJECT_CONVERSION = YES_AGGRESSIVE;
				CLANG_CXX_LANGUAGE_STANDARD = "gnu++14";
				CLANG_CXX_LIBRARY = "libc++";
				CLANG_ENABLE_MODULES = YES;
				CLANG_ENABLE_OBJC_ARC = YES;
				CLANG_ENABLE_OBJC_WEAK = YES;
				CLANG_WARN_BLOCK_CAPTURE_AUTORELEASING = YES;
				CLANG_WARN_BOOL_CONVERSION = YES;
				CLANG_WARN_COMMA = YES;
				CLANG_WARN_CONSTANT_CONVERSION = YES;
				CLANG_WARN_DEPRECATED_OBJC_IMPLEMENTATIONS = YES;
				CLANG_WARN_DIRECT_OBJC_ISA_USAGE = YES_ERROR;
				CLANG_WARN_DOCUMENTATION_COMMENTS = YES;
				CLANG_WARN_EMPTY_BODY = YES;
				CLANG_WARN_ENUM_CONVERSION = YES;
				CLANG_WARN_INFINITE_RECURSION = YES;
				CLANG_WARN_INT_CONVERSION = YES;
				CLANG_WARN_NON_LITERAL_NULL_CONVERSION = YES;
				CLANG_WARN_OBJC_IMPLICIT_RETAIN_SELF = YES;
				CLANG_WARN_OBJC_LITERAL_CONVERSION = YES;
				CLANG_WARN_OBJC_ROOT_CLASS = YES_ERROR;
				CLANG_WARN_RANGE_LOOP_ANALYSIS = YES;
				CLANG_WARN_STRICT_PROTOTYPES = YES;
				CLANG_WARN_SUSPICIOUS_MOVE = YES;
				CLANG_WARN_UNGUARDED_AVAILABILITY = YES_AGGRESSIVE;
				CLANG_WARN_UNREACHABLE_CODE = YES;
				CLANG_WARN__DUPLICATE_METHOD_MATCH = YES;
				COPY_PHASE_STRIP = NO;
				DEBUG_INFORMATION_FORMAT = "dwarf-with-dsym";
				ENABLE_NS_ASSERTIONS = NO;
				ENABLE_STRICT_OBJC_MSGSEND = YES;
				GCC_C_LANGUAGE_STANDARD = gnu11;
				GCC_NO_COMMON_BLOCKS = YES;
				GCC_WARN_64_TO_32_BIT_CONVERSION = YES;
				GCC_WARN_ABOUT_RETURN_TYPE = YES_ERROR;
				GCC_WARN_UNDECLARED_SELECTOR = YES;
				GCC_WARN_UNINITIALIZED_AUTOS = YES_AGGRESSIVE;
				GCC_WARN_UNUSED_FUNCTION = YES;
				GCC_WARN_UNUSED_VARIABLE = YES;
				IPHONEOS_DEPLOYMENT_TARGET = 13.2;
				MTL_ENABLE_DEBUG_INFO = NO;
				MTL_FAST_MATH = YES;
				SDKROOT = iphoneos;
				SWIFT_COMPILATION_MODE = wholemodule;
				SWIFT_OPTIMIZATION_LEVEL = "-O";
				VALIDATE_PRODUCT = YES;
			};
			name = Release;
		};
		011D48F1237DB6E400EA951E /* Debug */ = {
			isa = XCBuildConfiguration;
			baseConfigurationReference = 71C186BE003D4E0DBE442724 /* Pods-SpokestackRSSReader.debug.xcconfig */;
			buildSettings = {
				ASSETCATALOG_COMPILER_APPICON_NAME = AppIcon;
				CODE_SIGN_STYLE = Automatic;
				DEVELOPMENT_ASSET_PATHS = "\"SpokestackRSSReader/Preview Content\"";
				DEVELOPMENT_TEAM = XM4VAKDQL9;
				ENABLE_PREVIEWS = YES;
				INFOPLIST_FILE = SpokestackRSSReader/Info.plist;
				LD_RUNPATH_SEARCH_PATHS = (
					"$(inherited)",
					"@executable_path/Frameworks",
				);
				PRODUCT_BUNDLE_IDENTIFIER = io.spokestack.SpokestackRSSReader;
				PRODUCT_NAME = "$(TARGET_NAME)";
				SWIFT_VERSION = 5.0;
				TARGETED_DEVICE_FAMILY = "1,2";
			};
			name = Debug;
		};
		011D48F2237DB6E400EA951E /* Release */ = {
			isa = XCBuildConfiguration;
			baseConfigurationReference = D68062BDDD01709279040487 /* Pods-SpokestackRSSReader.release.xcconfig */;
			buildSettings = {
				ASSETCATALOG_COMPILER_APPICON_NAME = AppIcon;
				CODE_SIGN_STYLE = Automatic;
				DEVELOPMENT_ASSET_PATHS = "\"SpokestackRSSReader/Preview Content\"";
				DEVELOPMENT_TEAM = XM4VAKDQL9;
				ENABLE_PREVIEWS = YES;
				INFOPLIST_FILE = SpokestackRSSReader/Info.plist;
				LD_RUNPATH_SEARCH_PATHS = (
					"$(inherited)",
					"@executable_path/Frameworks",
				);
				PRODUCT_BUNDLE_IDENTIFIER = io.spokestack.SpokestackRSSReader;
				PRODUCT_NAME = "$(TARGET_NAME)";
				SWIFT_VERSION = 5.0;
				TARGETED_DEVICE_FAMILY = "1,2";
			};
			name = Release;
		};
/* End XCBuildConfiguration section */

/* Begin XCConfigurationList section */
		011D48D7237DB6E200EA951E /* Build configuration list for PBXProject "SpokestackRSSReader" */ = {
			isa = XCConfigurationList;
			buildConfigurations = (
				011D48EE237DB6E400EA951E /* Debug */,
				011D48EF237DB6E400EA951E /* Release */,
			);
			defaultConfigurationIsVisible = 0;
			defaultConfigurationName = Release;
		};
		011D48F0237DB6E400EA951E /* Build configuration list for PBXNativeTarget "SpokestackRSSReader" */ = {
			isa = XCConfigurationList;
			buildConfigurations = (
				011D48F1237DB6E400EA951E /* Debug */,
				011D48F2237DB6E400EA951E /* Release */,
			);
			defaultConfigurationIsVisible = 0;
			defaultConfigurationName = Release;
		};
/* End XCConfigurationList section */

/* Begin XCRemoteSwiftPackageReference section */
		01347002237F562100AD3588 /* XCRemoteSwiftPackageReference "FeedKit" */ = {
			isa = XCRemoteSwiftPackageReference;
			repositoryURL = "https://github.com/nmdias/FeedKit";
			requirement = {
				kind = upToNextMajorVersion;
				minimumVersion = 9.0.0;
			};
		};
/* End XCRemoteSwiftPackageReference section */

/* Begin XCSwiftPackageProductDependency section */
		01347003237F562100AD3588 /* FeedKit */ = {
			isa = XCSwiftPackageProductDependency;
			package = 01347002237F562100AD3588 /* XCRemoteSwiftPackageReference "FeedKit" */;
			productName = FeedKit;
		};
/* End XCSwiftPackageProductDependency section */
	};
	rootObject = 011D48D4237DB6E200EA951E /* Project object */;
}
